{
  "name": "music-app",
  "lockfileVersion": 3,
  "requires": true,
  "packages": {
    "": {
      "dependencies": {
        "keycloak-js": "^26.2.0"
      }
    },
    "node_modules/keycloak-js": {
      "version": "26.2.0",
      "resolved": "https://registry.npmjs.org/keycloak-js/-/keycloak-js-26.2.0.tgz",
      "integrity": "sha512-CrFcXTN+d6J0V/1v3Zpioys6qHNWE6yUzVVIsCUAmFn9H14GZ0vuYod+lt+SSpMgWGPuneDZBSGBAeLBFuqjsw==",
      "license": "Apache-2.0"
    }
  }
}
